{
	"name": "@tools/demo",
	"version": "3.2.2",
	"lockfileVersion": 1,
	"requires": true,
	"dependencies": {
		"pixi.js": {
			"version": "6.0.0-rc",
			"resolved": "https://registry.npmjs.org/pixi.js/-/pixi.js-6.0.0-rc.tgz",
			"integrity": "sha512-zWfEtkNWg7X1zwaK+Es+bvmhTlDLnJOZUD5yPlP4NZVrYPv3sAJyjSyFem0t5ZbXmPHGunduZkF8GSQZ++n4wQ==",
			"requires": {
				"@pixi/accessibility": "6.0.0-rc",
				"@pixi/app": "6.0.0-rc",
				"@pixi/compressed-textures": "6.0.0-rc",
				"@pixi/constants": "6.0.0-rc",
				"@pixi/core": "6.0.0-rc",
				"@pixi/display": "6.0.0-rc",
				"@pixi/extract": "6.0.0-rc",
				"@pixi/filter-alpha": "6.0.0-rc",
				"@pixi/filter-blur": "6.0.0-rc",
				"@pixi/filter-color-matrix": "6.0.0-rc",
				"@pixi/filter-displacement": "6.0.0-rc",
				"@pixi/filter-fxaa": "6.0.0-rc",
				"@pixi/filter-noise": "6.0.0-rc",
				"@pixi/graphics": "6.0.0-rc",
				"@pixi/interaction": "6.0.0-rc",
				"@pixi/loaders": "6.0.0-rc",
				"@pixi/math": "6.0.0-rc",
				"@pixi/mesh": "6.0.0-rc",
				"@pixi/mesh-extras": "6.0.0-rc",
				"@pixi/mixin-cache-as-bitmap": "6.0.0-rc",
				"@pixi/mixin-get-child-by-name": "6.0.0-rc",
				"@pixi/mixin-get-global-position": "6.0.0-rc",
				"@pixi/particles": "6.0.0-rc",
				"@pixi/polyfill": "6.0.0-rc",
				"@pixi/prepare": "6.0.0-rc",
				"@pixi/runner": "6.0.0-rc",
				"@pixi/settings": "6.0.0-rc",
				"@pixi/sprite": "6.0.0-rc",
				"@pixi/sprite-animated": "6.0.0-rc",
				"@pixi/sprite-tiling": "6.0.0-rc",
				"@pixi/spritesheet": "6.0.0-rc",
				"@pixi/text": "6.0.0-rc",
				"@pixi/text-bitmap": "6.0.0-rc",
				"@pixi/ticker": "6.0.0-rc",
				"@pixi/utils": "6.0.0-rc"
			},
			"dependencies": {
				"@pixi/accessibility": {
					"version": "6.0.0-rc",
					"resolved": "https://registry.npmjs.org/@pixi/accessibility/-/accessibility-6.0.0-rc.tgz",
					"integrity": "sha512-QnL3FF+Tyt2wuGC/iP4FbUtKkXk37FCAHENZY4cH3EdOJusZXuEuM1OJeqGCDkpqciMFUwZgryasfOgTvmZ9mQ==",
					"requires": {
						"@pixi/core": "6.0.0-rc",
						"@pixi/display": "6.0.0-rc",
						"@pixi/utils": "6.0.0-rc"
					}
				},
				"@pixi/app": {
					"version": "6.0.0-rc",
					"resolved": "https://registry.npmjs.org/@pixi/app/-/app-6.0.0-rc.tgz",
					"integrity": "sha512-em/R5rMEIfdUrr+DPIwd7yPfJXZnqZ3DtCWZCQaMC/vjIDnEvRa4kCoIe2ph6tJ6aNLXVi6kl+tc0lxiVAOQVw==",
					"requires": {
						"@pixi/core": "6.0.0-rc",
						"@pixi/display": "6.0.0-rc"
					}
				},
				"@pixi/compressed-textures": {
					"version": "6.0.0-rc",
					"resolved": "https://registry.npmjs.org/@pixi/compressed-textures/-/compressed-textures-6.0.0-rc.tgz",
					"integrity": "sha512-v7MYb0wD9i2Awh8ZvVtiTXfbW2Ec3eD8MGnk26TWlsDm2LMuuu8+odbO7o4qL9le6JnyJumC8QtMIUgy36FbnA==",
					"requires": {
						"@pixi/constants": "6.0.0-rc",
						"@pixi/core": "6.0.0-rc",
						"@pixi/loaders": "6.0.0-rc"
					}
				},
				"@pixi/constants": {
					"version": "6.0.0-rc",
					"resolved": "https://registry.npmjs.org/@pixi/constants/-/constants-6.0.0-rc.tgz",
					"integrity": "sha512-3k4Q8ENLnSbPusqfWdhZIniBmRJ2MVDUhFY9xCIK5wYrxcG62y1sMVcK1ecSmrRV60glh7BJTT+k7TJBX/gVVA=="
				},
				"@pixi/core": {
					"version": "6.0.0-rc",
					"resolved": "https://registry.npmjs.org/@pixi/core/-/core-6.0.0-rc.tgz",
					"integrity": "sha512-aLjerTc649p0f4c2h5sJMMjyTOMZRqSLfa3PooKdSIqaHpqQ9aIv7rXfw1Msm4fykCSEXwGRXjrFiWNBKdYN5Q==",
					"requires": {
						"@pixi/constants": "6.0.0-rc",
						"@pixi/math": "6.0.0-rc",
						"@pixi/runner": "6.0.0-rc",
						"@pixi/settings": "6.0.0-rc",
						"@pixi/ticker": "6.0.0-rc",
						"@pixi/utils": "6.0.0-rc"
					}
				},
				"@pixi/display": {
					"version": "6.0.0-rc",
					"resolved": "https://registry.npmjs.org/@pixi/display/-/display-6.0.0-rc.tgz",
					"integrity": "sha512-yetJE+eUCIGdO70MCrg/wt0CNBUCL6YyywjV1p2TVmzDNihytdIlHb1F3iroZZIrbgwxaJWjXuPonTKz7anLpg==",
					"requires": {
						"@pixi/math": "6.0.0-rc",
						"@pixi/settings": "6.0.0-rc",
						"@pixi/utils": "6.0.0-rc"
					}
				},
				"@pixi/extract": {
					"version": "6.0.0-rc",
					"resolved": "https://registry.npmjs.org/@pixi/extract/-/extract-6.0.0-rc.tgz",
					"integrity": "sha512-P7684qqJmFHwO4ZVcRXLpRY0skPNDj1KspDS50IlNeQZaPfSy1Dg9BPdayHvpy7SsQbSjgB7J/o8Fw3U+FwIOA==",
					"requires": {
						"@pixi/core": "6.0.0-rc",
						"@pixi/math": "6.0.0-rc",
						"@pixi/utils": "6.0.0-rc"
					}
				},
				"@pixi/filter-alpha": {
					"version": "6.0.0-rc",
					"resolved": "https://registry.npmjs.org/@pixi/filter-alpha/-/filter-alpha-6.0.0-rc.tgz",
					"integrity": "sha512-WwmqGmYaZoUqmzxOzgWQtsOVLvNa25nNMrh7hiQQkL3hxKf+B2ckP648RIqMssa6KWKY8owQONwpTlafuH3dHA==",
					"requires": {
						"@pixi/core": "6.0.0-rc"
					}
				},
				"@pixi/filter-blur": {
					"version": "6.0.0-rc",
					"resolved": "https://registry.npmjs.org/@pixi/filter-blur/-/filter-blur-6.0.0-rc.tgz",
					"integrity": "sha512-PdLtShg+Vu9uorUW+MnKLQCHGw9B4t5drPkS+xFyBBI/m02vMSrHAquNaVUX7+rL4oBctBeU8azi5b7KrzXOZA==",
					"requires": {
						"@pixi/core": "6.0.0-rc",
						"@pixi/settings": "6.0.0-rc"
					}
				},
				"@pixi/filter-color-matrix": {
					"version": "6.0.0-rc",
					"resolved": "https://registry.npmjs.org/@pixi/filter-color-matrix/-/filter-color-matrix-6.0.0-rc.tgz",
					"integrity": "sha512-MC4LIhWThPua0753c2YeqZhAV+Nf8tUUCeBw6PSxB2IF54mf+q5bMexxvfVWBIo/FujOJxeOt/AXR+5BFkTZjw==",
					"requires": {
						"@pixi/core": "6.0.0-rc"
					}
				},
				"@pixi/filter-displacement": {
					"version": "6.0.0-rc",
					"resolved": "https://registry.npmjs.org/@pixi/filter-displacement/-/filter-displacement-6.0.0-rc.tgz",
					"integrity": "sha512-Y7dHhTeN0CkbgpZ5jmkuXjLZn2CMlsqA+Z175HroQdXlqLbR9qz7oDh2lqeELZ+eFhI7SiH3Xg2SA6JUJa/LQg==",
					"requires": {
						"@pixi/core": "6.0.0-rc",
						"@pixi/math": "6.0.0-rc"
					}
				},
				"@pixi/filter-fxaa": {
					"version": "6.0.0-rc",
					"resolved": "https://registry.npmjs.org/@pixi/filter-fxaa/-/filter-fxaa-6.0.0-rc.tgz",
					"integrity": "sha512-QBo7n/nddL8e8FyCo2evxYbUW142v3LxUZKX7HQv0iHKJpfNCMQwYLpjmMsDRnqzWO1PsQWABhxQRnex4ZEABQ==",
					"requires": {
						"@pixi/core": "6.0.0-rc"
					}
				},
				"@pixi/filter-noise": {
					"version": "6.0.0-rc",
					"resolved": "https://registry.npmjs.org/@pixi/filter-noise/-/filter-noise-6.0.0-rc.tgz",
					"integrity": "sha512-7FrwUObMjaMQj35q44U9Y+AiB+mjYxyOEJ4s+11qFTlit+z4Ep8b8ooRi43/nJL1MSYDO19idhbEYs6oth3fvw==",
					"requires": {
						"@pixi/core": "6.0.0-rc"
					}
				},
				"@pixi/graphics": {
					"version": "6.0.0-rc",
					"resolved": "https://registry.npmjs.org/@pixi/graphics/-/graphics-6.0.0-rc.tgz",
					"integrity": "sha512-5rFCfGLIGstSSDVbM8GaoLk20g/CCwL2+ziaP7M7DWDQvAH61jVqYJTavVzV7IqkDEwVmMiAPN2fdWrVrinCdg==",
					"requires": {
						"@pixi/constants": "6.0.0-rc",
						"@pixi/core": "6.0.0-rc",
						"@pixi/display": "6.0.0-rc",
						"@pixi/math": "6.0.0-rc",
						"@pixi/sprite": "6.0.0-rc",
						"@pixi/utils": "6.0.0-rc"
					}
				},
				"@pixi/interaction": {
					"version": "6.0.0-rc",
					"resolved": "https://registry.npmjs.org/@pixi/interaction/-/interaction-6.0.0-rc.tgz",
					"integrity": "sha512-3W2r9RLNSZK5yyEp4ZEIArjZ2ZIggT4SPOYaGxtjO8cxe/j5BsFREENZUsQTyH8+cnZvqtorIh8LfhVwkRUZ4A==",
					"requires": {
						"@pixi/core": "6.0.0-rc",
						"@pixi/display": "6.0.0-rc",
						"@pixi/math": "6.0.0-rc",
						"@pixi/ticker": "6.0.0-rc",
						"@pixi/utils": "6.0.0-rc"
					}
				},
				"@pixi/loaders": {
					"version": "6.0.0-rc",
					"resolved": "https://registry.npmjs.org/@pixi/loaders/-/loaders-6.0.0-rc.tgz",
					"integrity": "sha512-qbcipAn2yEtNiLaHlPfLLvVpdhbctnykwR6ksNYAAXfgPz4yEj5Dppx4pVozOHrrxGb6m1kMW4+xCrNpDr7yEA==",
					"requires": {
						"@pixi/constants": "6.0.0-rc",
						"@pixi/core": "6.0.0-rc",
						"@pixi/utils": "6.0.0-rc",
						"resource-loader": "^3.0.1"
					}
				},
				"@pixi/math": {
					"version": "6.0.0-rc",
					"resolved": "https://registry.npmjs.org/@pixi/math/-/math-6.0.0-rc.tgz",
					"integrity": "sha512-krcpCTpvReoIPGfvQ0poVmqy17OLvzhEXBx06zH5HJDHGTISoD6nEZoR5sgAAwNDAuFL10Ec5iYIgwxPwj4WdA=="
				},
				"@pixi/mesh": {
					"version": "6.0.0-rc",
					"resolved": "https://registry.npmjs.org/@pixi/mesh/-/mesh-6.0.0-rc.tgz",
					"integrity": "sha512-0RD2ZAMthmHwuA12vZVyLgePmvztjZnMcEMGWCPg/kXnA8DzlX4yMYYlLCV/LPkkN6PbbYW2+1ubpkm8v946Ew==",
					"requires": {
						"@pixi/constants": "6.0.0-rc",
						"@pixi/core": "6.0.0-rc",
						"@pixi/display": "6.0.0-rc",
						"@pixi/math": "6.0.0-rc",
						"@pixi/settings": "6.0.0-rc",
						"@pixi/utils": "6.0.0-rc"
					}
				},
				"@pixi/mesh-extras": {
					"version": "6.0.0-rc",
					"resolved": "https://registry.npmjs.org/@pixi/mesh-extras/-/mesh-extras-6.0.0-rc.tgz",
					"integrity": "sha512-QQt4rYmIhaO1iwZYPi3ae4QRZHiwi9d5rcBsIOWtRvNUIkEN3zp84CpT9sLoWmaniWh6EazrQwdeUXEsA18UzA==",
					"requires": {
						"@pixi/constants": "6.0.0-rc",
						"@pixi/core": "6.0.0-rc",
						"@pixi/math": "6.0.0-rc",
						"@pixi/mesh": "6.0.0-rc",
						"@pixi/utils": "6.0.0-rc"
					}
				},
				"@pixi/mixin-cache-as-bitmap": {
					"version": "6.0.0-rc",
					"resolved": "https://registry.npmjs.org/@pixi/mixin-cache-as-bitmap/-/mixin-cache-as-bitmap-6.0.0-rc.tgz",
					"integrity": "sha512-jDHgvcPNB+5oBlUM6oRopQXfUtHzJxq7xKSkqpTE7LQ8sWAim8O3tsCJCvUoRK8z6yyP/57TQKLJqhENDSjOpw==",
					"requires": {
						"@pixi/core": "6.0.0-rc",
						"@pixi/display": "6.0.0-rc",
						"@pixi/math": "6.0.0-rc",
						"@pixi/settings": "6.0.0-rc",
						"@pixi/sprite": "6.0.0-rc",
						"@pixi/utils": "6.0.0-rc"
					}
				},
				"@pixi/mixin-get-child-by-name": {
					"version": "6.0.0-rc",
					"resolved": "https://registry.npmjs.org/@pixi/mixin-get-child-by-name/-/mixin-get-child-by-name-6.0.0-rc.tgz",
					"integrity": "sha512-IRNcUfvnbbZyOGD9p31j1Y/W3mjG4zfPiRGKzP01swovHB9BD9yFAp3t8K/G27tZ1zrbyfOCrsLZ/CeYVigLWg==",
					"requires": {
						"@pixi/display": "6.0.0-rc"
					}
				},
				"@pixi/mixin-get-global-position": {
					"version": "6.0.0-rc",
					"resolved": "https://registry.npmjs.org/@pixi/mixin-get-global-position/-/mixin-get-global-position-6.0.0-rc.tgz",
					"integrity": "sha512-xkRmH8qY/33h7+Qu0REFmVEiyabL2kMozarnv4763w6mM3eveaPAcA7sRzg7tZ0Tuqu+TpU3liuRt8icOCdt8w==",
					"requires": {
						"@pixi/display": "6.0.0-rc",
						"@pixi/math": "6.0.0-rc"
					}
				},
				"@pixi/particles": {
					"version": "6.0.0-rc",
					"resolved": "https://registry.npmjs.org/@pixi/particles/-/particles-6.0.0-rc.tgz",
					"integrity": "sha512-CaY+y/eihZPCf4mPg8UALfwr0Kpmwtf6YVODDCBqgvCJcx97VsLYvueHd7B9sDPEo2bfNc2emlmWjsy+yYShZw==",
					"requires": {
						"@pixi/constants": "6.0.0-rc",
						"@pixi/core": "6.0.0-rc",
						"@pixi/display": "6.0.0-rc",
						"@pixi/math": "6.0.0-rc",
						"@pixi/utils": "6.0.0-rc"
					}
				},
				"@pixi/polyfill": {
					"version": "6.0.0-rc",
					"resolved": "https://registry.npmjs.org/@pixi/polyfill/-/polyfill-6.0.0-rc.tgz",
					"integrity": "sha512-i+hSqyS4WkOBfpgofXby5I2qXmn1FHF31ecasEdyqL3w5JTOKAFPBzLek3msikGfoyDSFiAlIUd9roqJGOKUYA==",
					"requires": {
						"object-assign": "^4.1.1",
						"promise-polyfill": "^8.2.0"
					}
				},
				"@pixi/prepare": {
					"version": "6.0.0-rc",
					"resolved": "https://registry.npmjs.org/@pixi/prepare/-/prepare-6.0.0-rc.tgz",
					"integrity": "sha512-yvM2cOGOY6/8WB516tV2TXunMGnKcH2gqWoIdrcByN+eK/dVhUzfUXGU0Zpbza3BZTPUpXpZmC9w46OBfWfyYg==",
					"requires": {
						"@pixi/core": "6.0.0-rc",
						"@pixi/display": "6.0.0-rc",
						"@pixi/graphics": "6.0.0-rc",
						"@pixi/settings": "6.0.0-rc",
						"@pixi/text": "6.0.0-rc",
						"@pixi/ticker": "6.0.0-rc"
					}
				},
				"@pixi/runner": {
					"version": "6.0.0-rc",
					"resolved": "https://registry.npmjs.org/@pixi/runner/-/runner-6.0.0-rc.tgz",
					"integrity": "sha512-oYLI0H0jY5py7fMBa6VcG6vr4OJ4vcKL6zy0dtYdpEt27PeMax5vboB5utWJTzFHhZEd4JjckU8P/KPhzESOZQ=="
				},
				"@pixi/settings": {
					"version": "6.0.0-rc",
					"resolved": "https://registry.npmjs.org/@pixi/settings/-/settings-6.0.0-rc.tgz",
					"integrity": "sha512-H2KOLSB+W8qpoiNWQ2u4urFev1du/Rc7twDRAEhKML8nn5lnMAf04N2DpyIiUgcv+aL7go7AMvln/CdNmVb5cQ==",
					"requires": {
						"ismobilejs": "^1.1.0"
					}
				},
				"@pixi/sprite": {
					"version": "6.0.0-rc",
					"resolved": "https://registry.npmjs.org/@pixi/sprite/-/sprite-6.0.0-rc.tgz",
					"integrity": "sha512-+pC+5/+5p4TqOg1W+qAXep5X4zKT2vsM8eqiWCEIP4YTJG9jxYtKUqCBICmq/6irBuesaCcz6hPg4qz24a8B3A==",
					"requires": {
						"@pixi/constants": "6.0.0-rc",
						"@pixi/core": "6.0.0-rc",
						"@pixi/display": "6.0.0-rc",
						"@pixi/math": "6.0.0-rc",
						"@pixi/settings": "6.0.0-rc",
						"@pixi/utils": "6.0.0-rc"
					}
				},
				"@pixi/sprite-animated": {
					"version": "6.0.0-rc",
					"resolved": "https://registry.npmjs.org/@pixi/sprite-animated/-/sprite-animated-6.0.0-rc.tgz",
					"integrity": "sha512-sVgM7lYn6pPDB7S4XGRfzBO+GeMsmczJtUxUkjg4hGvL3aBaAq+WfZKGIsOPz/VueASEht16+LdFbcpMQil0Zg==",
					"requires": {
						"@pixi/core": "6.0.0-rc",
						"@pixi/sprite": "6.0.0-rc",
						"@pixi/ticker": "6.0.0-rc"
					}
				},
				"@pixi/sprite-tiling": {
					"version": "6.0.0-rc",
					"resolved": "https://registry.npmjs.org/@pixi/sprite-tiling/-/sprite-tiling-6.0.0-rc.tgz",
					"integrity": "sha512-rlxXLwUlvPTabfKC32sCQ+xSOl1dqKNsy5GXF0FtKb5MotIWa1N70dQzdMix8Fcp3mUMuqstgyPu8Umd2DKbDw==",
					"requires": {
						"@pixi/constants": "6.0.0-rc",
						"@pixi/core": "6.0.0-rc",
						"@pixi/display": "6.0.0-rc",
						"@pixi/math": "6.0.0-rc",
						"@pixi/sprite": "6.0.0-rc",
						"@pixi/utils": "6.0.0-rc"
					}
				},
				"@pixi/spritesheet": {
					"version": "6.0.0-rc",
					"resolved": "https://registry.npmjs.org/@pixi/spritesheet/-/spritesheet-6.0.0-rc.tgz",
					"integrity": "sha512-GaqbYsJda940QRorWsVgSNar/P0yQ/HtLwdQMIUZJknOA/9EG9maN0/Fbfr9BWORId59xr5mTB0BB9pM2FbItA==",
					"requires": {
						"@pixi/core": "6.0.0-rc",
						"@pixi/loaders": "6.0.0-rc",
						"@pixi/math": "6.0.0-rc",
						"@pixi/utils": "6.0.0-rc"
					}
				},
				"@pixi/text": {
					"version": "6.0.0-rc",
					"resolved": "https://registry.npmjs.org/@pixi/text/-/text-6.0.0-rc.tgz",
					"integrity": "sha512-AwUJLkXkoN6ncHx1nyU8yV4TLqj4Xr7z+gEDXJ75Fbn4noo01om5rCKmtEkUoqiqwtzmX6zHeMc+KOp1fBIAOQ==",
					"requires": {
						"@pixi/core": "6.0.0-rc",
						"@pixi/math": "6.0.0-rc",
						"@pixi/settings": "6.0.0-rc",
						"@pixi/sprite": "6.0.0-rc",
						"@pixi/utils": "6.0.0-rc"
					}
				},
				"@pixi/text-bitmap": {
					"version": "6.0.0-rc",
					"resolved": "https://registry.npmjs.org/@pixi/text-bitmap/-/text-bitmap-6.0.0-rc.tgz",
					"integrity": "sha512-gARTclSk34VNvOehg9RXcRSqq5gCRND/ly2ehIaCeDMJXZvl9tmgsKr4rx3/DyHYt9yg+W9ti1La/ovv7Et6ew==",
					"requires": {
						"@pixi/core": "6.0.0-rc",
						"@pixi/display": "6.0.0-rc",
						"@pixi/loaders": "6.0.0-rc",
						"@pixi/math": "6.0.0-rc",
						"@pixi/mesh": "6.0.0-rc",
						"@pixi/settings": "6.0.0-rc",
						"@pixi/text": "6.0.0-rc",
						"@pixi/utils": "6.0.0-rc"
					}
				},
				"@pixi/ticker": {
					"version": "6.0.0-rc",
					"resolved": "https://registry.npmjs.org/@pixi/ticker/-/ticker-6.0.0-rc.tgz",
					"integrity": "sha512-t1Yc8TYpGFgMZC0D7y1APnEYgNiVHbppXa4hftDRGbQ3tJzNhJRG3dMP4dbdr9w+/uPogIT3o/ezGVSRtHlM+A==",
					"requires": {
						"@pixi/settings": "6.0.0-rc"
					}
				},
				"@pixi/utils": {
					"version": "6.0.0-rc",
					"resolved": "https://registry.npmjs.org/@pixi/utils/-/utils-6.0.0-rc.tgz",
					"integrity": "sha512-QPagDgToe3nA0k7GLF86KL74G5iKFU0ggi5QtLY34Y36CdA5GteTdlgs3WqUECnOnOw6sUlFXxb4VYTaFKZ8Fw==",
					"requires": {
						"@pixi/constants": "6.0.0-rc",
						"@pixi/settings": "6.0.0-rc",
						"@types/earcut": "^2.1.0",
						"@types/node": "^12.0.0",
						"earcut": "^2.2.2",
						"eventemitter3": "^3.1.0",
						"url": "^0.11.0"
					}
				},
				"@types/earcut": {
					"version": "2.1.1",
					"resolved": "https://registry.npmjs.org/@types/earcut/-/earcut-2.1.1.tgz",
					"integrity": "sha512-w8oigUCDjElRHRRrMvn/spybSMyX8MTkKA5Dv+tS1IE/TgmNZPqUYtvYBXGY8cieSE66gm+szeK+bnbxC2xHTQ=="
				},
				"@types/node": {
					"version": "12.19.11",
					"resolved": "https://registry.npmjs.org/@types/node/-/node-12.19.11.tgz",
					"integrity": "sha512-bwVfNTFZOrGXyiQ6t4B9sZerMSShWNsGRw8tC5DY1qImUNczS9SjT4G6PnzjCnxsu5Ubj6xjL2lgwddkxtQl5w=="
				},
				"earcut": {
					"version": "2.2.2",
					"resolved": "https://registry.npmjs.org/earcut/-/earcut-2.2.2.tgz",
					"integrity": "sha512-eZoZPPJcUHnfRZ0PjLvx2qBordSiO8ofC3vt+qACLM95u+4DovnbYNpQtJh0DNsWj8RnxrQytD4WA8gj5cRIaQ=="
				},
				"eventemitter3": {
					"version": "3.1.2",
					"resolved": "https://registry.npmjs.org/eventemitter3/-/eventemitter3-3.1.2.tgz",
					"integrity": "sha512-tvtQIeLVHjDkJYnzf2dgVMxfuSGJeM/7UCG17TT4EumTfNtF+0nebF/4zWOIkCreAbtNqhGEboB6BWrwqNaw4Q=="
				},
				"ismobilejs": {
					"version": "1.1.1",
					"resolved": "https://registry.npmjs.org/ismobilejs/-/ismobilejs-1.1.1.tgz",
					"integrity": "sha512-VaFW53yt8QO61k2WJui0dHf4SlL8lxBofUuUmwBo0ljPk0Drz2TiuDW4jo3wDcv41qy/SxrJ+VAzJ/qYqsmzRw=="
				},
				"mini-signals": {
					"version": "1.2.0",
					"resolved": "https://registry.npmjs.org/mini-signals/-/mini-signals-1.2.0.tgz",
					"integrity": "sha1-RbCAE8X65RokqhqTXNMXye1yHXQ="
				},
				"object-assign": {
					"version": "4.1.1",
					"resolved": "https://registry.npmjs.org/object-assign/-/object-assign-4.1.1.tgz",
					"integrity": "sha1-IQmtx5ZYh8/AXLvUQsrIv7s2CGM="
				},
				"parse-uri": {
					"version": "1.0.3",
					"resolved": "https://registry.npmjs.org/parse-uri/-/parse-uri-1.0.3.tgz",
					"integrity": "sha512-upMnGxNcm+45So85HoguwZTVZI9u11i36DdxJfGF2HYWS2eh3TIx7+/tTi7qrEq15qzGkVhsKjesau+kCk48pA=="
				},
				"promise-polyfill": {
					"version": "8.2.0",
					"resolved": "https://registry.npmjs.org/promise-polyfill/-/promise-polyfill-8.2.0.tgz",
					"integrity": "sha512-k/TC0mIcPVF6yHhUvwAp7cvL6I2fFV7TzF1DuGPI8mBh4QQazf36xCKEHKTZKRysEoTQoQdKyP25J8MPJp7j5g=="
				},
				"punycode": {
					"version": "1.3.2",
					"resolved": "https://registry.npmjs.org/punycode/-/punycode-1.3.2.tgz",
					"integrity": "sha1-llOgNvt8HuQjQvIyXM7v6jkmxI0="
				},
				"querystring": {
					"version": "0.2.0",
					"resolved": "https://registry.npmjs.org/querystring/-/querystring-0.2.0.tgz",
					"integrity": "sha1-sgmEkgO7Jd+CDadW50cAWHhSFiA="
				},
				"resource-loader": {
					"version": "3.0.1",
					"resolved": "https://registry.npmjs.org/resource-loader/-/resource-loader-3.0.1.tgz",
					"integrity": "sha512-fBuCRbEHdLCI1eglzQhUv9Rrdcmqkydr1r6uHE2cYHvRBrcLXeSmbE/qI/urFt8rPr/IGxir3BUwM5kUK8XoyA==",
					"requires": {
						"mini-signals": "^1.2.0",
						"parse-uri": "^1.0.0"
					}
				},
				"url": {
					"version": "0.11.0",
					"resolved": "https://registry.npmjs.org/url/-/url-0.11.0.tgz",
					"integrity": "sha1-ODjpfPxgUh63PFJajlW/3Z4uKPE=",
					"requires": {
						"punycode": "1.3.2",
						"querystring": "0.2.0"
					}
				}
			}
		}
	}
}
